
Microsoft Visual Studio Solution File, Format Version 12.00
# Visual Studio Version 16
VisualStudioVersion = 16.0.28803.156
MinimumVisualStudioVersion = 10.0.40219.1
Project("{888888A0-9F3D-457C-B088-3A5042F75D52}") = "audioSorter", "audioSorter\audioSorter.pyproj", "{197328AE-E13E-4C94-9043-2D50A0955A36}"
EndProject
Global
	GlobalSection(SolutionConfigurationPlatforms) = preSolution
		Debug|Any CPU = Debug|Any CPU
		Release|Any CPU = Release|Any CPU
	EndGlobalSection
	GlobalSection(ProjectConfigurationPlatforms) = postSolution
		{197328AE-E13E-4C94-9043-2D50A0955A36}.Debug|Any CPU.ActiveCfg = Debug|Any CPU
		{197328AE-E13E-4C94-9043-2D50A0955A36}.Release|Any CPU.ActiveCfg = Release|Any CPU
	EndGlobalSection
	GlobalSection(SolutionProperties) = preSolution
		HideSolutionNode = FALSE
	EndGlobalSection
	GlobalSection(ExtensibilityGlobals) = postSolution
		SolutionGuid = {A669EAC4-44B1-4F37-AD49-C71D9C9621BB}
	EndGlobalSection
EndGlobal
